
Microsoft Visual Studio Solution File, Format Version 12.00
# Visual Studio Version 17
VisualStudioVersion = 17.9.34723.18
MinimumVisualStudioVersion = 10.0.40219.1
Project("{FAE04EC0-301F-11D3-BF4B-00C04F79EFBC}") = "CRUD_emp_240424", "CRUD_emp_240424.csproj", "{D373ACED-A327-4B9A-907D-9864A64E9EFB}"
EndProject
Global
	GlobalSection(SolutionConfigurationPlatforms) = preSolution
		Debug|Any CPU = Debug|Any CPU
		Release|Any CPU = Release|Any CPU
	EndGlobalSection
	GlobalSection(ProjectConfigurationPlatforms) = postSolution
		{D373ACED-A327-4B9A-907D-9864A64E9EFB}.Debug|Any CPU.ActiveCfg = Debug|Any CPU
		{D373ACED-A327-4B9A-907D-9864A64E9EFB}.Debug|Any CPU.Build.0 = Debug|Any CPU
		{D373ACED-A327-4B9A-907D-9864A64E9EFB}.Release|Any CPU.ActiveCfg = Release|Any CPU
		{D373ACED-A327-4B9A-907D-9864A64E9EFB}.Release|Any CPU.Build.0 = Release|Any CPU
	EndGlobalSection
	GlobalSection(SolutionProperties) = preSolution
		HideSolutionNode = FALSE
	EndGlobalSection
	GlobalSection(ExtensibilityGlobals) = postSolution
		SolutionGuid = {876735A1-1C4B-4F9D-959C-6E000F2AA8EE}
	EndGlobalSection
EndGlobal
